
Microsoft Visual Studio Solution File, Format Version 12.00
# Visual Studio Version 17
VisualStudioVersion = 17.13.35931.197 d17.13
MinimumVisualStudioVersion = 10.0.40219.1
Project("{FAE04EC0-301F-11D3-BF4B-00C04F79EFBC}") = "SYNAPSE.API", "SYNAPSE.API.csproj", "{3D93A4B3-E2D9-4F14-AD35-3D860DA7AA03}"
EndProject
Global
	GlobalSection(SolutionConfigurationPlatforms) = preSolution
		Debug|Any CPU = Debug|Any CPU
		Release|Any CPU = Release|Any CPU
	EndGlobalSection
	GlobalSection(ProjectConfigurationPlatforms) = postSolution
		{3D93A4B3-E2D9-4F14-AD35-3D860DA7AA03}.Debug|Any CPU.ActiveCfg = Debug|Any CPU
		{3D93A4B3-E2D9-4F14-AD35-3D860DA7AA03}.Debug|Any CPU.Build.0 = Debug|Any CPU
		{3D93A4B3-E2D9-4F14-AD35-3D860DA7AA03}.Release|Any CPU.ActiveCfg = Release|Any CPU
		{3D93A4B3-E2D9-4F14-AD35-3D860DA7AA03}.Release|Any CPU.Build.0 = Release|Any CPU
	EndGlobalSection
	GlobalSection(SolutionProperties) = preSolution
		HideSolutionNode = FALSE
	EndGlobalSection
	GlobalSection(ExtensibilityGlobals) = postSolution
		SolutionGuid = {777B7B55-6716-421A-80B9-5378FCB26EC4}
	EndGlobalSection
EndGlobal
